Microsoft Visual Studio Solution File, Format Version 7.00
Project("{FAE04EC0-301F-11D3-BF4B-00C04F79EFBC}") = "Golf-c", "Golf-c.csproj", "{64A5D32B-EB0E-4759-A134-E863CA2C078E}"
EndProject
Global
	GlobalSection(SolutionConfiguration) = preSolution
		ConfigName.0 = Debug
		ConfigName.1 = Release
	EndGlobalSection
	GlobalSection(ProjectDependencies) = postSolution
	EndGlobalSection
	GlobalSection(ProjectConfiguration) = postSolution
		{64A5D32B-EB0E-4759-A134-E863CA2C078E}.Debug.ActiveCfg = Debug|.NET
		{64A5D32B-EB0E-4759-A134-E863CA2C078E}.Debug.Build.0 = Debug|.NET
		{64A5D32B-EB0E-4759-A134-E863CA2C078E}.Release.ActiveCfg = Release|.NET
		{64A5D32B-EB0E-4759-A134-E863CA2C078E}.Release.Build.0 = Release|.NET
	EndGlobalSection
	GlobalSection(ExtensibilityGlobals) = postSolution
	EndGlobalSection
	GlobalSection(ExtensibilityAddIns) = postSolution
	EndGlobalSection
EndGlobal
