Microsoft Visual Studio Solution File, Format Version 7.00
Project("{FAE04EC0-301F-11D3-BF4B-00C04F79EFBC}") = "DB_grid-c", "DB_grid-c.csproj", "{E84DD358-85FD-4A89-BFCA-9276B9ED3883}"
EndProject
Global
	GlobalSection(SolutionConfiguration) = preSolution
		ConfigName.0 = Debug
		ConfigName.1 = Release
	EndGlobalSection
	GlobalSection(ProjectDependencies) = postSolution
	EndGlobalSection
	GlobalSection(ProjectConfiguration) = postSolution
		{E84DD358-85FD-4A89-BFCA-9276B9ED3883}.Debug.ActiveCfg = Debug|.NET
		{E84DD358-85FD-4A89-BFCA-9276B9ED3883}.Debug.Build.0 = Debug|.NET
		{E84DD358-85FD-4A89-BFCA-9276B9ED3883}.Release.ActiveCfg = Release|.NET
		{E84DD358-85FD-4A89-BFCA-9276B9ED3883}.Release.Build.0 = Release|.NET
	EndGlobalSection
	GlobalSection(ExtensibilityGlobals) = postSolution
	EndGlobalSection
	GlobalSection(ExtensibilityAddIns) = postSolution
	EndGlobalSection
EndGlobal
