Microsoft Visual Studio Solution File, Format Version 7.00
Project("{FAE04EC0-301F-11D3-BF4B-00C04F79EFBC}") = "ErrDialog-c", "ErrDialog-c.csproj", "{FD303279-B472-4BB8-8B00-FB4C0900D7B4}"
EndProject
Global
	GlobalSection(SolutionConfiguration) = preSolution
		ConfigName.0 = Debug
		ConfigName.1 = Release
	EndGlobalSection
	GlobalSection(ProjectDependencies) = postSolution
	EndGlobalSection
	GlobalSection(ProjectConfiguration) = postSolution
		{FD303279-B472-4BB8-8B00-FB4C0900D7B4}.Debug.ActiveCfg = Debug|.NET
		{FD303279-B472-4BB8-8B00-FB4C0900D7B4}.Debug.Build.0 = Debug|.NET
		{FD303279-B472-4BB8-8B00-FB4C0900D7B4}.Release.ActiveCfg = Release|.NET
		{FD303279-B472-4BB8-8B00-FB4C0900D7B4}.Release.Build.0 = Release|.NET
	EndGlobalSection
	GlobalSection(ExtensibilityGlobals) = postSolution
	EndGlobalSection
	GlobalSection(ExtensibilityAddIns) = postSolution
	EndGlobalSection
EndGlobal
