Microsoft Visual Studio Solution File, Format Version 7.00
Project("{FAE04EC0-301F-11D3-BF4B-00C04F79EFBC}") = "Tracing-c", "Tracing-c.csproj", "{FD654EBE-3935-41B3-BF79-4D3BB13B7D89}"
EndProject
Global
	GlobalSection(SolutionConfiguration) = preSolution
		ConfigName.0 = Debug
		ConfigName.1 = Release
	EndGlobalSection
	GlobalSection(ProjectDependencies) = postSolution
	EndGlobalSection
	GlobalSection(ProjectConfiguration) = postSolution
		{FD654EBE-3935-41B3-BF79-4D3BB13B7D89}.Debug.ActiveCfg = Debug|.NET
		{FD654EBE-3935-41B3-BF79-4D3BB13B7D89}.Debug.Build.0 = Debug|.NET
		{FD654EBE-3935-41B3-BF79-4D3BB13B7D89}.Release.ActiveCfg = Release|.NET
		{FD654EBE-3935-41B3-BF79-4D3BB13B7D89}.Release.Build.0 = Release|.NET
	EndGlobalSection
	GlobalSection(ExtensibilityGlobals) = postSolution
	EndGlobalSection
	GlobalSection(ExtensibilityAddIns) = postSolution
	EndGlobalSection
EndGlobal
