Microsoft Visual Studio Solution File, Format Version 7.00
Project("{F184B08F-C81C-45F6-A57F-5ABD9991F28F}") = "SDIsample-vb", "SDIsample-vb.vbproj", "{F33590CD-9BE7-4028-8AE0-D1ABEAAB0012}"
EndProject
Global
	GlobalSection(SolutionConfiguration) = preSolution
		ConfigName.0 = Debug
		ConfigName.1 = Release
	EndGlobalSection
	GlobalSection(ProjectDependencies) = postSolution
	EndGlobalSection
	GlobalSection(ProjectConfiguration) = postSolution
		{F33590CD-9BE7-4028-8AE0-D1ABEAAB0012}.Debug.ActiveCfg = Debug|.NET
		{F33590CD-9BE7-4028-8AE0-D1ABEAAB0012}.Debug.Build.0 = Debug|.NET
		{F33590CD-9BE7-4028-8AE0-D1ABEAAB0012}.Release.ActiveCfg = Release|.NET
		{F33590CD-9BE7-4028-8AE0-D1ABEAAB0012}.Release.Build.0 = Release|.NET
	EndGlobalSection
	GlobalSection(ExtensibilityGlobals) = postSolution
	EndGlobalSection
	GlobalSection(ExtensibilityAddIns) = postSolution
	EndGlobalSection
EndGlobal
