Microsoft Visual Studio Solution File, Format Version 7.00
Project("{FAE04EC0-301F-11D3-BF4B-00C04F79EFBC}") = "Resizable-c", "Resizable-c.csproj", "{3F4A62A4-857B-4DA2-9D91-3BF2F54B8E4B}"
EndProject
Global
	GlobalSection(SolutionConfiguration) = preSolution
		ConfigName.0 = Debug
		ConfigName.1 = Release
	EndGlobalSection
	GlobalSection(ProjectDependencies) = postSolution
	EndGlobalSection
	GlobalSection(ProjectConfiguration) = postSolution
		{3F4A62A4-857B-4DA2-9D91-3BF2F54B8E4B}.Debug.ActiveCfg = Debug|.NET
		{3F4A62A4-857B-4DA2-9D91-3BF2F54B8E4B}.Debug.Build.0 = Debug|.NET
		{3F4A62A4-857B-4DA2-9D91-3BF2F54B8E4B}.Release.ActiveCfg = Release|.NET
		{3F4A62A4-857B-4DA2-9D91-3BF2F54B8E4B}.Release.Build.0 = Release|.NET
	EndGlobalSection
	GlobalSection(ExtensibilityGlobals) = postSolution
	EndGlobalSection
	GlobalSection(ExtensibilityAddIns) = postSolution
	EndGlobalSection
EndGlobal
