Microsoft Visual Studio Solution File, Format Version 7.00
Project("{FAE04EC0-301F-11D3-BF4B-00C04F79EFBC}") = "PowerUser-c", "PowerUser-c.csproj", "{34AAEEC8-81E7-46AC-BC64-9C78F18E5D23}"
EndProject
Global
	GlobalSection(SolutionConfiguration) = preSolution
		ConfigName.0 = Debug
		ConfigName.1 = Release
	EndGlobalSection
	GlobalSection(ProjectDependencies) = postSolution
	EndGlobalSection
	GlobalSection(ProjectConfiguration) = postSolution
		{34AAEEC8-81E7-46AC-BC64-9C78F18E5D23}.Debug.ActiveCfg = Debug|.NET
		{34AAEEC8-81E7-46AC-BC64-9C78F18E5D23}.Debug.Build.0 = Debug|.NET
		{34AAEEC8-81E7-46AC-BC64-9C78F18E5D23}.Release.ActiveCfg = Release|.NET
		{34AAEEC8-81E7-46AC-BC64-9C78F18E5D23}.Release.Build.0 = Release|.NET
	EndGlobalSection
	GlobalSection(ExtensibilityGlobals) = postSolution
	EndGlobalSection
	GlobalSection(ExtensibilityAddIns) = postSolution
	EndGlobalSection
EndGlobal
