Microsoft Visual Studio Solution File, Format Version 7.00
Project("{FAE04EC0-301F-11D3-BF4B-00C04F79EFBC}") = "RegX-c", "RegX-c.csproj", "{518BEE21-CFE0-43AE-9935-00F16C3BD258}"
EndProject
Global
	GlobalSection(SolutionConfiguration) = preSolution
		ConfigName.0 = Debug
		ConfigName.1 = Release
	EndGlobalSection
	GlobalSection(ProjectDependencies) = postSolution
	EndGlobalSection
	GlobalSection(ProjectConfiguration) = postSolution
		{518BEE21-CFE0-43AE-9935-00F16C3BD258}.Debug.ActiveCfg = Debug|.NET
		{518BEE21-CFE0-43AE-9935-00F16C3BD258}.Debug.Build.0 = Debug|.NET
		{518BEE21-CFE0-43AE-9935-00F16C3BD258}.Release.ActiveCfg = Release|.NET
		{518BEE21-CFE0-43AE-9935-00F16C3BD258}.Release.Build.0 = Release|.NET
	EndGlobalSection
	GlobalSection(ExtensibilityGlobals) = postSolution
	EndGlobalSection
	GlobalSection(ExtensibilityAddIns) = postSolution
	EndGlobalSection
EndGlobal
