Microsoft Visual Studio Solution File, Format Version 7.00
Project("{FAE04EC0-301F-11D3-BF4B-00C04F79EFBC}") = "MaskClient-c", "MaskClient-c.csproj", "{BE1A3796-00AD-4BD4-BBE0-724CDD259630}"
EndProject
Global
	GlobalSection(SolutionConfiguration) = preSolution
		ConfigName.0 = Debug
		ConfigName.1 = Release
	EndGlobalSection
	GlobalSection(ProjectDependencies) = postSolution
	EndGlobalSection
	GlobalSection(ProjectConfiguration) = postSolution
		{BE1A3796-00AD-4BD4-BBE0-724CDD259630}.Debug.ActiveCfg = Debug|.NET
		{BE1A3796-00AD-4BD4-BBE0-724CDD259630}.Debug.Build.0 = Debug|.NET
		{BE1A3796-00AD-4BD4-BBE0-724CDD259630}.Release.ActiveCfg = Release|.NET
		{BE1A3796-00AD-4BD4-BBE0-724CDD259630}.Release.Build.0 = Release|.NET
	EndGlobalSection
	GlobalSection(ExtensibilityGlobals) = postSolution
	EndGlobalSection
	GlobalSection(ExtensibilityAddIns) = postSolution
	EndGlobalSection
EndGlobal
