Microsoft Visual Studio Solution File, Format Version 7.00
Project("{F184B08F-C81C-45F6-A57F-5ABD9991F28F}") = "WriteXML-vb", "WriteXML-vb.vbproj", "{D726D170-6DA7-49EA-8E2A-0211CBCD405E}"
EndProject
Global
	GlobalSection(SolutionConfiguration) = preSolution
		ConfigName.0 = Debug
		ConfigName.1 = Release
	EndGlobalSection
	GlobalSection(ProjectDependencies) = postSolution
	EndGlobalSection
	GlobalSection(ProjectConfiguration) = postSolution
		{D726D170-6DA7-49EA-8E2A-0211CBCD405E}.Debug.ActiveCfg = Debug|.NET
		{D726D170-6DA7-49EA-8E2A-0211CBCD405E}.Debug.Build.0 = Debug|.NET
		{D726D170-6DA7-49EA-8E2A-0211CBCD405E}.Release.ActiveCfg = Release|.NET
		{D726D170-6DA7-49EA-8E2A-0211CBCD405E}.Release.Build.0 = Release|.NET
	EndGlobalSection
	GlobalSection(ExtensibilityGlobals) = postSolution
	EndGlobalSection
	GlobalSection(ExtensibilityAddIns) = postSolution
	EndGlobalSection
EndGlobal
